
Microsoft Visual Studio Solution File, Format Version 12.00
# Visual Studio Version 17
VisualStudioVersion = 17.3.32901.215
MinimumVisualStudioVersion = 10.0.40219.1
Project("{FAE04EC0-301F-11D3-BF4B-00C04F79EFBC}") = "dcPrevent", "dcPrevent.csproj", "{61C71720-07CF-4043-9867-1EEA1FFDC18D}"
EndProject
Global
	GlobalSection(SolutionConfigurationPlatforms) = preSolution
		Debug|Any CPU = Debug|Any CPU
		Release|Any CPU = Release|Any CPU
	EndGlobalSection
	GlobalSection(ProjectConfigurationPlatforms) = postSolution
		{61C71720-07CF-4043-9867-1EEA1FFDC18D}.Debug|Any CPU.ActiveCfg = Debug|Any CPU
		{61C71720-07CF-4043-9867-1EEA1FFDC18D}.Debug|Any CPU.Build.0 = Debug|Any CPU
		{61C71720-07CF-4043-9867-1EEA1FFDC18D}.Release|Any CPU.ActiveCfg = Release|Any CPU
		{61C71720-07CF-4043-9867-1EEA1FFDC18D}.Release|Any CPU.Build.0 = Release|Any CPU
	EndGlobalSection
	GlobalSection(SolutionProperties) = preSolution
		HideSolutionNode = FALSE
	EndGlobalSection
	GlobalSection(ExtensibilityGlobals) = postSolution
		SolutionGuid = {4F8AA128-CF33-46F5-BBD4-5705914B3E0B}
	EndGlobalSection
EndGlobal
